{
  "name": "multiplayer",
  "version": "1.0.0",
  "lockfileVersion": 3,
  "requires": true,
  "packages": {
    "": {
      "name": "multiplayer",
      "version": "1.0.0",
      "license": "MIT",
      "dependencies": {
        "planck-js": "^0.3.31"
      }
    },
    "node_modules/planck-js": {
      "version": "0.3.31",
      "resolved": "https://registry.npmjs.org/planck-js/-/planck-js-0.3.31.tgz",
      "integrity": "sha512-fwKYnL92pF2nXdMPeBq/Aipu+m8LztcEcNjdcrQm/sWKDR01Ej0g121KS1oO7NW23WnRzxw24a7V4KI2JlFpSg==",
      "dependencies": {
        "stage-js": "^0.9.4"
      }
    },
    "node_modules/stage-js": {
      "version": "0.9.5",
      "resolved": "https://registry.npmjs.org/stage-js/-/stage-js-0.9.5.tgz",
      "integrity": "sha512-pSu6U+e7+CPUi9jB56RVy7ni7JQQZGVzwcdel5RZhG0Rjzv3uWkhDHSm6Uk9DI4B1Yrfva7uylFq41Pbb1BfUA=="
    }
  }
}
